
Microsoft Visual Studio Solution File, Format Version 12.00
# Visual Studio Version 17
VisualStudioVersion = 17.11.35312.102
MinimumVisualStudioVersion = 10.0.40219.1
Project("{E24C65DC-7377-472B-9ABA-BC803B73C61A}") = "LabelsAndInputs", "LabelsAndInputs\", "{AABFB02E-8335-4BC4-A49E-FA5CAF0D2940}"
	ProjectSection(WebsiteProperties) = preProject
		TargetFrameworkMoniker = ".NETFramework,Version%3Dv4.7.2"
		Debug.AspNetCompiler.VirtualPath = "/localhost_52703"
		Debug.AspNetCompiler.PhysicalPath = "LabelsAndInputs\"
		Debug.AspNetCompiler.TargetPath = "PrecompiledWeb\localhost_52703\"
		Debug.AspNetCompiler.Updateable = "true"
		Debug.AspNetCompiler.ForceOverwrite = "true"
		Debug.AspNetCompiler.FixedNames = "false"
		Debug.AspNetCompiler.Debug = "True"
		Release.AspNetCompiler.VirtualPath = "/localhost_52703"
		Release.AspNetCompiler.PhysicalPath = "LabelsAndInputs\"
		Release.AspNetCompiler.TargetPath = "PrecompiledWeb\localhost_52703\"
		Release.AspNetCompiler.Updateable = "true"
		Release.AspNetCompiler.ForceOverwrite = "true"
		Release.AspNetCompiler.FixedNames = "false"
		Release.AspNetCompiler.Debug = "False"
		VWDPort = "52703"
		SlnRelativePath = "LabelsAndInputs\"
		DefaultWebSiteLanguage = "Visual Basic"
	EndProjectSection
EndProject
Project("{2150E333-8FDC-42A3-9474-1A3956D46DE8}") = "Solution Items", "Solution Items", "{DD8C95AB-D50B-4192-89A1-B81AB6625347}"
	ProjectSection(SolutionItems) = preProject
		chromeOverrides.md = chromeOverrides.md
		manualTesting.md = manualTesting.md
		PopeTechInfomation.md = PopeTechInfomation.md
		readme.md = readme.md
		screenReaders.md = screenReaders.md
		stash.md = stash.md
		wave.md = wave.md
	EndProjectSection
EndProject
Project("{2150E333-8FDC-42A3-9474-1A3956D46DE8}") = "Lesson 1 - labels inputs", "Lesson 1 - labels inputs", "{20BD4C04-0B50-4494-8F17-DF3E01CC6717}"
EndProject
Project("{2150E333-8FDC-42A3-9474-1A3956D46DE8}") = "Lesson 2 - images", "Lesson 2 - images", "{125839E0-CAA9-4199-8BC1-EDA7F9D4CAAB}"
EndProject
Project("{E24C65DC-7377-472B-9ABA-BC803B73C61A}") = "WorkingWithImages", "WorkingWithImages\", "{933AC0F8-3BEE-4DED-A94E-E91E60D8C842}"
	ProjectSection(WebsiteProperties) = preProject
		TargetFrameworkMoniker = ".NETFramework,Version%3Dv4.7.2"
		Debug.AspNetCompiler.VirtualPath = "/localhost_65275"
		Debug.AspNetCompiler.PhysicalPath = "WorkingWithImages\"
		Debug.AspNetCompiler.TargetPath = "PrecompiledWeb\localhost_65275\"
		Debug.AspNetCompiler.Updateable = "true"
		Debug.AspNetCompiler.ForceOverwrite = "true"
		Debug.AspNetCompiler.FixedNames = "false"
		Debug.AspNetCompiler.Debug = "True"
		Release.AspNetCompiler.VirtualPath = "/localhost_65275"
		Release.AspNetCompiler.PhysicalPath = "WorkingWithImages\"
		Release.AspNetCompiler.TargetPath = "PrecompiledWeb\localhost_65275\"
		Release.AspNetCompiler.Updateable = "true"
		Release.AspNetCompiler.ForceOverwrite = "true"
		Release.AspNetCompiler.FixedNames = "false"
		Release.AspNetCompiler.Debug = "False"
		VWDPort = "65275"
		SlnRelativePath = "WorkingWithImages\"
		DefaultWebSiteLanguage = "Visual Basic"
	EndProjectSection
EndProject
Project("{2150E333-8FDC-42A3-9474-1A3956D46DE8}") = "Lesson 3 -  color contrast", "Lesson 3 -  color contrast", "{F3F37CA1-6DAB-4BE1-8B34-CFB4BE9B33FD}"
EndProject
Project("{E24C65DC-7377-472B-9ABA-BC803B73C61A}") = "ColorContrast", "ColorContrast\", "{8FDB4770-C344-419C-A9EC-46FBC66F0FE7}"
	ProjectSection(WebsiteProperties) = preProject
		TargetFrameworkMoniker = ".NETFramework,Version%3Dv4.7.2"
		Debug.AspNetCompiler.VirtualPath = "/localhost_65261"
		Debug.AspNetCompiler.PhysicalPath = "ColorContrast\"
		Debug.AspNetCompiler.TargetPath = "PrecompiledWeb\localhost_65261\"
		Debug.AspNetCompiler.Updateable = "true"
		Debug.AspNetCompiler.ForceOverwrite = "true"
		Debug.AspNetCompiler.FixedNames = "false"
		Debug.AspNetCompiler.Debug = "True"
		Release.AspNetCompiler.VirtualPath = "/localhost_65261"
		Release.AspNetCompiler.PhysicalPath = "ColorContrast\"
		Release.AspNetCompiler.TargetPath = "PrecompiledWeb\localhost_65261\"
		Release.AspNetCompiler.Updateable = "true"
		Release.AspNetCompiler.ForceOverwrite = "true"
		Release.AspNetCompiler.FixedNames = "false"
		Release.AspNetCompiler.Debug = "False"
		VWDPort = "65261"
		SlnRelativePath = "ColorContrast\"
		DefaultWebSiteLanguage = "Visual Basic"
	EndProjectSection
EndProject
Project("{2150E333-8FDC-42A3-9474-1A3956D46DE8}") = "Lesson 4 - Skip links", "Lesson 4 - Skip links", "{B203A879-DE81-46A5-A4AE-5EF4ACC9DB17}"
EndProject
Project("{E24C65DC-7377-472B-9ABA-BC803B73C61A}") = "SkipLinksExample", "SkipLinksExample\", "{8B3A8E3C-5C6D-4459-AE71-E12A3DEEA700}"
	ProjectSection(WebsiteProperties) = preProject
		TargetFrameworkMoniker = ".NETFramework,Version%3Dv4.7.2"
		Debug.AspNetCompiler.VirtualPath = "/localhost_53834"
		Debug.AspNetCompiler.PhysicalPath = "SkipLinksExample\"
		Debug.AspNetCompiler.TargetPath = "PrecompiledWeb\localhost_53834\"
		Debug.AspNetCompiler.Updateable = "true"
		Debug.AspNetCompiler.ForceOverwrite = "true"
		Debug.AspNetCompiler.FixedNames = "false"
		Debug.AspNetCompiler.Debug = "True"
		Release.AspNetCompiler.VirtualPath = "/localhost_53834"
		Release.AspNetCompiler.PhysicalPath = "SkipLinksExample\"
		Release.AspNetCompiler.TargetPath = "PrecompiledWeb\localhost_53834\"
		Release.AspNetCompiler.Updateable = "true"
		Release.AspNetCompiler.ForceOverwrite = "true"
		Release.AspNetCompiler.FixedNames = "false"
		Release.AspNetCompiler.Debug = "False"
		VWDPort = "53834"
		SlnRelativePath = "SkipLinksExample\"
		DefaultWebSiteLanguage = "Visual Basic"
	EndProjectSection
EndProject
Project("{2150E333-8FDC-42A3-9474-1A3956D46DE8}") = "Lesson 5 - tables", "Lesson 5 - tables", "{E71ACD96-4F96-42EF-B827-14361AC3B868}"
EndProject
Project("{E24C65DC-7377-472B-9ABA-BC803B73C61A}") = "UsingTables", "UsingTables\", "{C5FC7B35-E2B1-466E-A782-4699F4D7C5C2}"
	ProjectSection(WebsiteProperties) = preProject
		TargetFrameworkMoniker = ".NETFramework,Version%3Dv4.7.2"
		Debug.AspNetCompiler.VirtualPath = "/localhost_57621"
		Debug.AspNetCompiler.PhysicalPath = "UsingTables\"
		Debug.AspNetCompiler.TargetPath = "PrecompiledWeb\localhost_57621\"
		Debug.AspNetCompiler.Updateable = "true"
		Debug.AspNetCompiler.ForceOverwrite = "true"
		Debug.AspNetCompiler.FixedNames = "false"
		Debug.AspNetCompiler.Debug = "True"
		Release.AspNetCompiler.VirtualPath = "/localhost_57621"
		Release.AspNetCompiler.PhysicalPath = "UsingTables\"
		Release.AspNetCompiler.TargetPath = "PrecompiledWeb\localhost_57621\"
		Release.AspNetCompiler.Updateable = "true"
		Release.AspNetCompiler.ForceOverwrite = "true"
		Release.AspNetCompiler.FixedNames = "false"
		Release.AspNetCompiler.Debug = "False"
		VWDPort = "57621"
		SlnRelativePath = "UsingTables\"
		DefaultWebSiteLanguage = "Visual Basic"
	EndProjectSection
EndProject
Project("{2150E333-8FDC-42A3-9474-1A3956D46DE8}") = "csharp", "csharp", "{BD7C4794-124F-44BA-992D-F5F86FCDFC9C}"
EndProject
Project("{9A19103F-16F7-4668-BE54-9A1E7A4F7556}") = "Tinkering", "Tinkering\Tinkering.csproj", "{4258726A-647E-4649-B4CF-DFAFC143F271}"
EndProject
Project("{E24C65DC-7377-472B-9ABA-BC803B73C61A}") = "UsingJavaScriptDebugger", "UsingJavaScriptDebugger\", "{B48E04B1-AAD7-461F-B0B4-340BCFFD14F1}"
	ProjectSection(WebsiteProperties) = preProject
		TargetFrameworkMoniker = ".NETFramework,Version%3Dv4.0"
		Debug.AspNetCompiler.VirtualPath = "/localhost_60288"
		Debug.AspNetCompiler.PhysicalPath = "UsingJavaScriptDebugger\"
		Debug.AspNetCompiler.TargetPath = "PrecompiledWeb\localhost_60288\"
		Debug.AspNetCompiler.Updateable = "true"
		Debug.AspNetCompiler.ForceOverwrite = "true"
		Debug.AspNetCompiler.FixedNames = "false"
		Debug.AspNetCompiler.Debug = "True"
		Release.AspNetCompiler.VirtualPath = "/localhost_60288"
		Release.AspNetCompiler.PhysicalPath = "UsingJavaScriptDebugger\"
		Release.AspNetCompiler.TargetPath = "PrecompiledWeb\localhost_60288\"
		Release.AspNetCompiler.Updateable = "true"
		Release.AspNetCompiler.ForceOverwrite = "true"
		Release.AspNetCompiler.FixedNames = "false"
		Release.AspNetCompiler.Debug = "False"
		VWDPort = "60288"
		SlnRelativePath = "UsingJavaScriptDebugger\"
	EndProjectSection
EndProject
Project("{2150E333-8FDC-42A3-9474-1A3956D46DE8}") = "Prototypes", "Prototypes", "{25F151FC-A8F2-4BFF-8FF9-C09ACB91ED32}"
EndProject
Project("{2150E333-8FDC-42A3-9474-1A3956D46DE8}") = "Tinkering", "Tinkering", "{A685898A-BB37-4E5A-8486-2D67A0441FCC}"
EndProject
Project("{E24C65DC-7377-472B-9ABA-BC803B73C61A}") = "BorderAnimation", "BorderAnimation\", "{5E40F45E-4963-4F75-8DDC-6C9FE47AC668}"
	ProjectSection(WebsiteProperties) = preProject
		TargetFrameworkMoniker = ".NETFramework,Version%3Dv4.7.2"
		Debug.AspNetCompiler.VirtualPath = "/localhost_65400"
		Debug.AspNetCompiler.PhysicalPath = "BorderAnimation\"
		Debug.AspNetCompiler.TargetPath = "PrecompiledWeb\localhost_65400\"
		Debug.AspNetCompiler.Updateable = "true"
		Debug.AspNetCompiler.ForceOverwrite = "true"
		Debug.AspNetCompiler.FixedNames = "false"
		Debug.AspNetCompiler.Debug = "True"
		Release.AspNetCompiler.VirtualPath = "/localhost_65400"
		Release.AspNetCompiler.PhysicalPath = "BorderAnimation\"
		Release.AspNetCompiler.TargetPath = "PrecompiledWeb\localhost_65400\"
		Release.AspNetCompiler.Updateable = "true"
		Release.AspNetCompiler.ForceOverwrite = "true"
		Release.AspNetCompiler.FixedNames = "false"
		Release.AspNetCompiler.Debug = "False"
		VWDPort = "65400"
		SlnRelativePath = "BorderAnimation\"
		DefaultWebSiteLanguage = "Visual Basic"
	EndProjectSection
EndProject
Project("{E24C65DC-7377-472B-9ABA-BC803B73C61A}") = "BootstrapFeatures", "BootstrapFeatures\", "{3E288E50-08FF-4DA2-BF83-1AA0130ADFDC}"
	ProjectSection(WebsiteProperties) = preProject
		TargetFrameworkMoniker = ".NETFramework,Version%3Dv4.7.2"
		Debug.AspNetCompiler.VirtualPath = "/localhost_64643"
		Debug.AspNetCompiler.PhysicalPath = "BootstrapFeatures\"
		Debug.AspNetCompiler.TargetPath = "PrecompiledWeb\localhost_64643\"
		Debug.AspNetCompiler.Updateable = "true"
		Debug.AspNetCompiler.ForceOverwrite = "true"
		Debug.AspNetCompiler.FixedNames = "false"
		Debug.AspNetCompiler.Debug = "True"
		Release.AspNetCompiler.VirtualPath = "/localhost_64643"
		Release.AspNetCompiler.PhysicalPath = "BootstrapFeatures\"
		Release.AspNetCompiler.TargetPath = "PrecompiledWeb\localhost_64643\"
		Release.AspNetCompiler.Updateable = "true"
		Release.AspNetCompiler.ForceOverwrite = "true"
		Release.AspNetCompiler.FixedNames = "false"
		Release.AspNetCompiler.Debug = "False"
		VWDPort = "64643"
		SlnRelativePath = "BootstrapFeatures\"
		DefaultWebSiteLanguage = "Visual Basic"
	EndProjectSection
EndProject
Project("{2150E333-8FDC-42A3-9474-1A3956D46DE8}") = "Templates", "Templates", "{E500CA26-F6E5-4B40-ACB7-00D0B6106A26}"
EndProject
Project("{E24C65DC-7377-472B-9ABA-BC803B73C61A}") = "BasicEmptyWebProject", "BasicEmptyWebProject\", "{1D113B1D-FAEA-467A-8FCC-9A87D445589F}"
	ProjectSection(WebsiteProperties) = preProject
		TargetFrameworkMoniker = ".NETFramework,Version%3Dv4.7.2"
		Debug.AspNetCompiler.VirtualPath = "/localhost_53550"
		Debug.AspNetCompiler.PhysicalPath = "BasicEmptyWebProject\"
		Debug.AspNetCompiler.TargetPath = "PrecompiledWeb\localhost_53550\"
		Debug.AspNetCompiler.Updateable = "true"
		Debug.AspNetCompiler.ForceOverwrite = "true"
		Debug.AspNetCompiler.FixedNames = "false"
		Debug.AspNetCompiler.Debug = "True"
		Release.AspNetCompiler.VirtualPath = "/localhost_53550"
		Release.AspNetCompiler.PhysicalPath = "BasicEmptyWebProject\"
		Release.AspNetCompiler.TargetPath = "PrecompiledWeb\localhost_53550\"
		Release.AspNetCompiler.Updateable = "true"
		Release.AspNetCompiler.ForceOverwrite = "true"
		Release.AspNetCompiler.FixedNames = "false"
		Release.AspNetCompiler.Debug = "False"
		VWDPort = "53550"
		SlnRelativePath = "BasicEmptyWebProject\"
		DefaultWebSiteLanguage = "Visual Basic"
	EndProjectSection
EndProject
Project("{E24C65DC-7377-472B-9ABA-BC803B73C61A}") = "HeaderApp", "HeaderApp\", "{A3120DC7-5584-4306-9328-08FB01A8BE96}"
	ProjectSection(WebsiteProperties) = preProject
		TargetFrameworkMoniker = ".NETFramework,Version%3Dv4.7.2"
		Debug.AspNetCompiler.VirtualPath = "/localhost_49797"
		Debug.AspNetCompiler.PhysicalPath = "HeaderApp\"
		Debug.AspNetCompiler.TargetPath = "PrecompiledWeb\localhost_49797\"
		Debug.AspNetCompiler.Updateable = "true"
		Debug.AspNetCompiler.ForceOverwrite = "true"
		Debug.AspNetCompiler.FixedNames = "false"
		Debug.AspNetCompiler.Debug = "True"
		Release.AspNetCompiler.VirtualPath = "/localhost_49797"
		Release.AspNetCompiler.PhysicalPath = "HeaderApp\"
		Release.AspNetCompiler.TargetPath = "PrecompiledWeb\localhost_49797\"
		Release.AspNetCompiler.Updateable = "true"
		Release.AspNetCompiler.ForceOverwrite = "true"
		Release.AspNetCompiler.FixedNames = "false"
		Release.AspNetCompiler.Debug = "False"
		VWDPort = "49797"
		SlnRelativePath = "HeaderApp\"
		DefaultWebSiteLanguage = "Visual Basic"
	EndProjectSection
EndProject
Project("{E24C65DC-7377-472B-9ABA-BC803B73C61A}") = "WorkingWithBorders", "WorkingWithBorders\", "{862CBD32-3833-42B1-AD41-597EF4FAF1F2}"
	ProjectSection(WebsiteProperties) = preProject
		TargetFrameworkMoniker = ".NETFramework,Version%3Dv4.7.2"
		Debug.AspNetCompiler.VirtualPath = "/localhost_53067"
		Debug.AspNetCompiler.PhysicalPath = "WorkingWithBorders\"
		Debug.AspNetCompiler.TargetPath = "PrecompiledWeb\localhost_53067\"
		Debug.AspNetCompiler.Updateable = "true"
		Debug.AspNetCompiler.ForceOverwrite = "true"
		Debug.AspNetCompiler.FixedNames = "false"
		Debug.AspNetCompiler.Debug = "True"
		Release.AspNetCompiler.VirtualPath = "/localhost_53067"
		Release.AspNetCompiler.PhysicalPath = "WorkingWithBorders\"
		Release.AspNetCompiler.TargetPath = "PrecompiledWeb\localhost_53067\"
		Release.AspNetCompiler.Updateable = "true"
		Release.AspNetCompiler.ForceOverwrite = "true"
		Release.AspNetCompiler.FixedNames = "false"
		Release.AspNetCompiler.Debug = "False"
		VWDPort = "53067"
		SlnRelativePath = "WorkingWithBorders\"
		DefaultWebSiteLanguage = "Visual Basic"
	EndProjectSection
EndProject
Project("{2150E333-8FDC-42A3-9474-1A3956D46DE8}") = "Lesson 6 - forms", "Lesson 6 - forms", "{6C1A172B-EB21-464F-9D6E-E0D9C7DC4EDF}"
EndProject
Project("{E24C65DC-7377-472B-9ABA-BC803B73C61A}") = "FormValidation", "FormValidation\", "{A6665739-6D87-43FB-8786-7718866DCC4F}"
	ProjectSection(WebsiteProperties) = preProject
		TargetFrameworkMoniker = ".NETFramework,Version%3Dv4.7.2"
		Debug.AspNetCompiler.VirtualPath = "/localhost_61759"
		Debug.AspNetCompiler.PhysicalPath = "FormValidation\"
		Debug.AspNetCompiler.TargetPath = "PrecompiledWeb\localhost_61759\"
		Debug.AspNetCompiler.Updateable = "true"
		Debug.AspNetCompiler.ForceOverwrite = "true"
		Debug.AspNetCompiler.FixedNames = "false"
		Debug.AspNetCompiler.Debug = "True"
		Release.AspNetCompiler.VirtualPath = "/localhost_61759"
		Release.AspNetCompiler.PhysicalPath = "FormValidation\"
		Release.AspNetCompiler.TargetPath = "PrecompiledWeb\localhost_61759\"
		Release.AspNetCompiler.Updateable = "true"
		Release.AspNetCompiler.ForceOverwrite = "true"
		Release.AspNetCompiler.FixedNames = "false"
		Release.AspNetCompiler.Debug = "False"
		VWDPort = "61759"
		SlnRelativePath = "FormValidation\"
		DefaultWebSiteLanguage = "Visual Basic"
	EndProjectSection
EndProject
Project("{2150E333-8FDC-42A3-9474-1A3956D46DE8}") = "Lesson 7 - CSS", "Lesson 7 - CSS", "{62EE603C-0F0F-4B42-8B4D-59E57C5F18DE}"
EndProject
Project("{E24C65DC-7377-472B-9ABA-BC803B73C61A}") = "lang_pseudoClass", "lang_pseudoClass\", "{CD0B50B3-DF02-49CD-B8B7-2EFAD6D087E6}"
	ProjectSection(WebsiteProperties) = preProject
		TargetFrameworkMoniker = ".NETFramework,Version%3Dv4.7.2"
		Debug.AspNetCompiler.VirtualPath = "/localhost_54862"
		Debug.AspNetCompiler.PhysicalPath = "lang_pseudoClass\"
		Debug.AspNetCompiler.TargetPath = "PrecompiledWeb\localhost_54862\"
		Debug.AspNetCompiler.Updateable = "true"
		Debug.AspNetCompiler.ForceOverwrite = "true"
		Debug.AspNetCompiler.FixedNames = "false"
		Debug.AspNetCompiler.Debug = "True"
		Release.AspNetCompiler.VirtualPath = "/localhost_54862"
		Release.AspNetCompiler.PhysicalPath = "lang_pseudoClass\"
		Release.AspNetCompiler.TargetPath = "PrecompiledWeb\localhost_54862\"
		Release.AspNetCompiler.Updateable = "true"
		Release.AspNetCompiler.ForceOverwrite = "true"
		Release.AspNetCompiler.FixedNames = "false"
		Release.AspNetCompiler.Debug = "False"
		VWDPort = "54862"
		SlnRelativePath = "lang_pseudoClass\"
		DefaultWebSiteLanguage = "Visual Basic"
	EndProjectSection
EndProject
Project("{2150E333-8FDC-42A3-9474-1A3956D46DE8}") = "Lesson 8 Aria", "Lesson 8 Aria", "{7E210A52-4C8F-440F-9175-D5BDC1B088CA}"
EndProject
Project("{E24C65DC-7377-472B-9ABA-BC803B73C61A}") = "UnassociatedInputFix", "UnassociatedInputFix\", "{5BE955F7-FF32-41AA-86BC-6E0344ECCBC4}"
	ProjectSection(WebsiteProperties) = preProject
		TargetFrameworkMoniker = ".NETFramework,Version%3Dv4.7.2"
		Debug.AspNetCompiler.VirtualPath = "/localhost_55447"
		Debug.AspNetCompiler.PhysicalPath = "UnassociatedInputFix\"
		Debug.AspNetCompiler.TargetPath = "PrecompiledWeb\localhost_55447\"
		Debug.AspNetCompiler.Updateable = "true"
		Debug.AspNetCompiler.ForceOverwrite = "true"
		Debug.AspNetCompiler.FixedNames = "false"
		Debug.AspNetCompiler.Debug = "True"
		Release.AspNetCompiler.VirtualPath = "/localhost_55447"
		Release.AspNetCompiler.PhysicalPath = "UnassociatedInputFix\"
		Release.AspNetCompiler.TargetPath = "PrecompiledWeb\localhost_55447\"
		Release.AspNetCompiler.Updateable = "true"
		Release.AspNetCompiler.ForceOverwrite = "true"
		Release.AspNetCompiler.FixedNames = "false"
		Release.AspNetCompiler.Debug = "False"
		VWDPort = "55447"
		SlnRelativePath = "UnassociatedInputFix\"
		DefaultWebSiteLanguage = "Visual Basic"
	EndProjectSection
EndProject
Project("{E24C65DC-7377-472B-9ABA-BC803B73C61A}") = "AsterisksSvgs", "AsterisksSvgs\", "{4B168D9C-1949-491D-9ACC-85DD3B42E9DE}"
	ProjectSection(WebsiteProperties) = preProject
		TargetFrameworkMoniker = ".NETFramework,Version%3Dv4.7.2"
		Debug.AspNetCompiler.VirtualPath = "/localhost_56164"
		Debug.AspNetCompiler.PhysicalPath = "AsterisksSvgs\"
		Debug.AspNetCompiler.TargetPath = "PrecompiledWeb\localhost_56164\"
		Debug.AspNetCompiler.Updateable = "true"
		Debug.AspNetCompiler.ForceOverwrite = "true"
		Debug.AspNetCompiler.FixedNames = "false"
		Debug.AspNetCompiler.Debug = "True"
		Release.AspNetCompiler.VirtualPath = "/localhost_56164"
		Release.AspNetCompiler.PhysicalPath = "AsterisksSvgs\"
		Release.AspNetCompiler.TargetPath = "PrecompiledWeb\localhost_56164\"
		Release.AspNetCompiler.Updateable = "true"
		Release.AspNetCompiler.ForceOverwrite = "true"
		Release.AspNetCompiler.FixedNames = "false"
		Release.AspNetCompiler.Debug = "False"
		VWDPort = "56164"
		SlnRelativePath = "AsterisksSvgs\"
		DefaultWebSiteLanguage = "Visual Basic"
	EndProjectSection
EndProject
Project("{2150E333-8FDC-42A3-9474-1A3956D46DE8}") = "Centering", "Centering", "{C660171D-B83C-425C-8A18-47902AA092B1}"
EndProject
Project("{2150E333-8FDC-42A3-9474-1A3956D46DE8}") = "Lesson 9 dialogs toast", "Lesson 9 dialogs toast", "{4E2AB14C-2C2C-40DB-A664-C947AE4ECC63}"
EndProject
Project("{E24C65DC-7377-472B-9ABA-BC803B73C61A}") = "DialogsExamples", "DialogsExamples\", "{F9E3CC61-4379-4688-8DEF-26FCA6943851}"
	ProjectSection(WebsiteProperties) = preProject
		TargetFrameworkMoniker = ".NETFramework,Version%3Dv4.7.2"
		Debug.AspNetCompiler.VirtualPath = "/localhost_58597"
		Debug.AspNetCompiler.PhysicalPath = "DialogsExamples\"
		Debug.AspNetCompiler.TargetPath = "PrecompiledWeb\localhost_58597\"
		Debug.AspNetCompiler.Updateable = "true"
		Debug.AspNetCompiler.ForceOverwrite = "true"
		Debug.AspNetCompiler.FixedNames = "false"
		Debug.AspNetCompiler.Debug = "True"
		Release.AspNetCompiler.VirtualPath = "/localhost_58597"
		Release.AspNetCompiler.PhysicalPath = "DialogsExamples\"
		Release.AspNetCompiler.TargetPath = "PrecompiledWeb\localhost_58597\"
		Release.AspNetCompiler.Updateable = "true"
		Release.AspNetCompiler.ForceOverwrite = "true"
		Release.AspNetCompiler.FixedNames = "false"
		Release.AspNetCompiler.Debug = "False"
		VWDPort = "58597"
		SlnRelativePath = "DialogsExamples\"
		DefaultWebSiteLanguage = "Visual Basic"
	EndProjectSection
EndProject
Project("{E24C65DC-7377-472B-9ABA-BC803B73C61A}") = "CenteringElements", "CenteringElements\", "{B9EE9295-3E47-4353-91CB-F2736FB3517C}"
	ProjectSection(WebsiteProperties) = preProject
		TargetFrameworkMoniker = ".NETFramework,Version%3Dv4.7.2"
		Debug.AspNetCompiler.VirtualPath = "/localhost_59456"
		Debug.AspNetCompiler.PhysicalPath = "CenteringElements\"
		Debug.AspNetCompiler.TargetPath = "PrecompiledWeb\localhost_59456\"
		Debug.AspNetCompiler.Updateable = "true"
		Debug.AspNetCompiler.ForceOverwrite = "true"
		Debug.AspNetCompiler.FixedNames = "false"
		Debug.AspNetCompiler.Debug = "True"
		Release.AspNetCompiler.VirtualPath = "/localhost_59456"
		Release.AspNetCompiler.PhysicalPath = "CenteringElements\"
		Release.AspNetCompiler.TargetPath = "PrecompiledWeb\localhost_59456\"
		Release.AspNetCompiler.Updateable = "true"
		Release.AspNetCompiler.ForceOverwrite = "true"
		Release.AspNetCompiler.FixedNames = "false"
		Release.AspNetCompiler.Debug = "False"
		VWDPort = "59456"
		SlnRelativePath = "CenteringElements\"
		DefaultWebSiteLanguage = "Visual Basic"
	EndProjectSection
EndProject
Project("{2150E333-8FDC-42A3-9474-1A3956D46DE8}") = "Common Libraries", "Common Libraries", "{618D15F4-0E51-4A29-932E-E73222581F56}"
EndProject
Project("{E24C65DC-7377-472B-9ABA-BC803B73C61A}") = "HeadFootTest1", "HeadFootTest1\", "{C6584C9A-78AC-4A7D-A851-E59C34344732}"
	ProjectSection(WebsiteProperties) = preProject
		TargetFrameworkMoniker = ".NETFramework,Version%3Dv4.7.2"
		Debug.AspNetCompiler.VirtualPath = "/localhost_62023"
		Debug.AspNetCompiler.PhysicalPath = "HeadFootTest1\"
		Debug.AspNetCompiler.TargetPath = "PrecompiledWeb\localhost_62023\"
		Debug.AspNetCompiler.Updateable = "true"
		Debug.AspNetCompiler.ForceOverwrite = "true"
		Debug.AspNetCompiler.FixedNames = "false"
		Debug.AspNetCompiler.Debug = "True"
		Release.AspNetCompiler.VirtualPath = "/localhost_62023"
		Release.AspNetCompiler.PhysicalPath = "HeadFootTest1\"
		Release.AspNetCompiler.TargetPath = "PrecompiledWeb\localhost_62023\"
		Release.AspNetCompiler.Updateable = "true"
		Release.AspNetCompiler.ForceOverwrite = "true"
		Release.AspNetCompiler.FixedNames = "false"
		Release.AspNetCompiler.Debug = "False"
		VWDPort = "62023"
		SlnRelativePath = "HeadFootTest1\"
		DefaultWebSiteLanguage = "Visual Basic"
	EndProjectSection
EndProject
Project("{E24C65DC-7377-472B-9ABA-BC803B73C61A}") = "BootstrapModified1", "BootstrapModified1\", "{74668464-3F5B-472B-AC9A-ED91AD8EFE31}"
	ProjectSection(WebsiteProperties) = preProject
		TargetFrameworkMoniker = ".NETFramework,Version%3Dv4.7.2"
		Debug.AspNetCompiler.VirtualPath = "/localhost_53038"
		Debug.AspNetCompiler.PhysicalPath = "BootstrapModified1\"
		Debug.AspNetCompiler.TargetPath = "PrecompiledWeb\localhost_53038\"
		Debug.AspNetCompiler.Updateable = "true"
		Debug.AspNetCompiler.ForceOverwrite = "true"
		Debug.AspNetCompiler.FixedNames = "false"
		Debug.AspNetCompiler.Debug = "True"
		Release.AspNetCompiler.VirtualPath = "/localhost_53038"
		Release.AspNetCompiler.PhysicalPath = "BootstrapModified1\"
		Release.AspNetCompiler.TargetPath = "PrecompiledWeb\localhost_53038\"
		Release.AspNetCompiler.Updateable = "true"
		Release.AspNetCompiler.ForceOverwrite = "true"
		Release.AspNetCompiler.FixedNames = "false"
		Release.AspNetCompiler.Debug = "False"
		VWDPort = "53038"
		SlnRelativePath = "BootstrapModified1\"
		DefaultWebSiteLanguage = "Visual Basic"
	EndProjectSection
EndProject
Global
	GlobalSection(SolutionConfigurationPlatforms) = preSolution
		Debug|Any CPU = Debug|Any CPU
		Release|Any CPU = Release|Any CPU
	EndGlobalSection
	GlobalSection(ProjectConfigurationPlatforms) = postSolution
		{AABFB02E-8335-4BC4-A49E-FA5CAF0D2940}.Debug|Any CPU.ActiveCfg = Debug|Any CPU
		{AABFB02E-8335-4BC4-A49E-FA5CAF0D2940}.Debug|Any CPU.Build.0 = Debug|Any CPU
		{AABFB02E-8335-4BC4-A49E-FA5CAF0D2940}.Release|Any CPU.ActiveCfg = Debug|Any CPU
		{AABFB02E-8335-4BC4-A49E-FA5CAF0D2940}.Release|Any CPU.Build.0 = Debug|Any CPU
		{933AC0F8-3BEE-4DED-A94E-E91E60D8C842}.Debug|Any CPU.ActiveCfg = Debug|Any CPU
		{933AC0F8-3BEE-4DED-A94E-E91E60D8C842}.Debug|Any CPU.Build.0 = Debug|Any CPU
		{933AC0F8-3BEE-4DED-A94E-E91E60D8C842}.Release|Any CPU.ActiveCfg = Debug|Any CPU
		{933AC0F8-3BEE-4DED-A94E-E91E60D8C842}.Release|Any CPU.Build.0 = Debug|Any CPU
		{8FDB4770-C344-419C-A9EC-46FBC66F0FE7}.Debug|Any CPU.ActiveCfg = Debug|Any CPU
		{8FDB4770-C344-419C-A9EC-46FBC66F0FE7}.Debug|Any CPU.Build.0 = Debug|Any CPU
		{8FDB4770-C344-419C-A9EC-46FBC66F0FE7}.Release|Any CPU.ActiveCfg = Debug|Any CPU
		{8FDB4770-C344-419C-A9EC-46FBC66F0FE7}.Release|Any CPU.Build.0 = Debug|Any CPU
		{8B3A8E3C-5C6D-4459-AE71-E12A3DEEA700}.Debug|Any CPU.ActiveCfg = Debug|Any CPU
		{8B3A8E3C-5C6D-4459-AE71-E12A3DEEA700}.Debug|Any CPU.Build.0 = Debug|Any CPU
		{8B3A8E3C-5C6D-4459-AE71-E12A3DEEA700}.Release|Any CPU.ActiveCfg = Debug|Any CPU
		{8B3A8E3C-5C6D-4459-AE71-E12A3DEEA700}.Release|Any CPU.Build.0 = Debug|Any CPU
		{C5FC7B35-E2B1-466E-A782-4699F4D7C5C2}.Debug|Any CPU.ActiveCfg = Debug|Any CPU
		{C5FC7B35-E2B1-466E-A782-4699F4D7C5C2}.Debug|Any CPU.Build.0 = Debug|Any CPU
		{C5FC7B35-E2B1-466E-A782-4699F4D7C5C2}.Release|Any CPU.ActiveCfg = Debug|Any CPU
		{C5FC7B35-E2B1-466E-A782-4699F4D7C5C2}.Release|Any CPU.Build.0 = Debug|Any CPU
		{4258726A-647E-4649-B4CF-DFAFC143F271}.Debug|Any CPU.ActiveCfg = Debug|Any CPU
		{4258726A-647E-4649-B4CF-DFAFC143F271}.Debug|Any CPU.Build.0 = Debug|Any CPU
		{4258726A-647E-4649-B4CF-DFAFC143F271}.Release|Any CPU.ActiveCfg = Release|Any CPU
		{4258726A-647E-4649-B4CF-DFAFC143F271}.Release|Any CPU.Build.0 = Release|Any CPU
		{B48E04B1-AAD7-461F-B0B4-340BCFFD14F1}.Debug|Any CPU.ActiveCfg = Debug|Any CPU
		{B48E04B1-AAD7-461F-B0B4-340BCFFD14F1}.Debug|Any CPU.Build.0 = Debug|Any CPU
		{B48E04B1-AAD7-461F-B0B4-340BCFFD14F1}.Release|Any CPU.ActiveCfg = Debug|Any CPU
		{B48E04B1-AAD7-461F-B0B4-340BCFFD14F1}.Release|Any CPU.Build.0 = Debug|Any CPU
		{5E40F45E-4963-4F75-8DDC-6C9FE47AC668}.Debug|Any CPU.ActiveCfg = Debug|Any CPU
		{5E40F45E-4963-4F75-8DDC-6C9FE47AC668}.Debug|Any CPU.Build.0 = Debug|Any CPU
		{5E40F45E-4963-4F75-8DDC-6C9FE47AC668}.Release|Any CPU.ActiveCfg = Debug|Any CPU
		{5E40F45E-4963-4F75-8DDC-6C9FE47AC668}.Release|Any CPU.Build.0 = Debug|Any CPU
		{3E288E50-08FF-4DA2-BF83-1AA0130ADFDC}.Debug|Any CPU.ActiveCfg = Debug|Any CPU
		{3E288E50-08FF-4DA2-BF83-1AA0130ADFDC}.Debug|Any CPU.Build.0 = Debug|Any CPU
		{3E288E50-08FF-4DA2-BF83-1AA0130ADFDC}.Release|Any CPU.ActiveCfg = Debug|Any CPU
		{3E288E50-08FF-4DA2-BF83-1AA0130ADFDC}.Release|Any CPU.Build.0 = Debug|Any CPU
		{1D113B1D-FAEA-467A-8FCC-9A87D445589F}.Debug|Any CPU.ActiveCfg = Debug|Any CPU
		{1D113B1D-FAEA-467A-8FCC-9A87D445589F}.Debug|Any CPU.Build.0 = Debug|Any CPU
		{1D113B1D-FAEA-467A-8FCC-9A87D445589F}.Release|Any CPU.ActiveCfg = Debug|Any CPU
		{1D113B1D-FAEA-467A-8FCC-9A87D445589F}.Release|Any CPU.Build.0 = Debug|Any CPU
		{A3120DC7-5584-4306-9328-08FB01A8BE96}.Debug|Any CPU.ActiveCfg = Debug|Any CPU
		{A3120DC7-5584-4306-9328-08FB01A8BE96}.Debug|Any CPU.Build.0 = Debug|Any CPU
		{A3120DC7-5584-4306-9328-08FB01A8BE96}.Release|Any CPU.ActiveCfg = Debug|Any CPU
		{A3120DC7-5584-4306-9328-08FB01A8BE96}.Release|Any CPU.Build.0 = Debug|Any CPU
		{862CBD32-3833-42B1-AD41-597EF4FAF1F2}.Debug|Any CPU.ActiveCfg = Debug|Any CPU
		{862CBD32-3833-42B1-AD41-597EF4FAF1F2}.Debug|Any CPU.Build.0 = Debug|Any CPU
		{862CBD32-3833-42B1-AD41-597EF4FAF1F2}.Release|Any CPU.ActiveCfg = Debug|Any CPU
		{862CBD32-3833-42B1-AD41-597EF4FAF1F2}.Release|Any CPU.Build.0 = Debug|Any CPU
		{A6665739-6D87-43FB-8786-7718866DCC4F}.Debug|Any CPU.ActiveCfg = Debug|Any CPU
		{A6665739-6D87-43FB-8786-7718866DCC4F}.Debug|Any CPU.Build.0 = Debug|Any CPU
		{A6665739-6D87-43FB-8786-7718866DCC4F}.Release|Any CPU.ActiveCfg = Debug|Any CPU
		{A6665739-6D87-43FB-8786-7718866DCC4F}.Release|Any CPU.Build.0 = Debug|Any CPU
		{CD0B50B3-DF02-49CD-B8B7-2EFAD6D087E6}.Debug|Any CPU.ActiveCfg = Debug|Any CPU
		{CD0B50B3-DF02-49CD-B8B7-2EFAD6D087E6}.Debug|Any CPU.Build.0 = Debug|Any CPU
		{CD0B50B3-DF02-49CD-B8B7-2EFAD6D087E6}.Release|Any CPU.ActiveCfg = Debug|Any CPU
		{CD0B50B3-DF02-49CD-B8B7-2EFAD6D087E6}.Release|Any CPU.Build.0 = Debug|Any CPU
		{5BE955F7-FF32-41AA-86BC-6E0344ECCBC4}.Debug|Any CPU.ActiveCfg = Debug|Any CPU
		{5BE955F7-FF32-41AA-86BC-6E0344ECCBC4}.Debug|Any CPU.Build.0 = Debug|Any CPU
		{5BE955F7-FF32-41AA-86BC-6E0344ECCBC4}.Release|Any CPU.ActiveCfg = Debug|Any CPU
		{5BE955F7-FF32-41AA-86BC-6E0344ECCBC4}.Release|Any CPU.Build.0 = Debug|Any CPU
		{4B168D9C-1949-491D-9ACC-85DD3B42E9DE}.Debug|Any CPU.ActiveCfg = Debug|Any CPU
		{4B168D9C-1949-491D-9ACC-85DD3B42E9DE}.Debug|Any CPU.Build.0 = Debug|Any CPU
		{4B168D9C-1949-491D-9ACC-85DD3B42E9DE}.Release|Any CPU.ActiveCfg = Debug|Any CPU
		{4B168D9C-1949-491D-9ACC-85DD3B42E9DE}.Release|Any CPU.Build.0 = Debug|Any CPU
		{F9E3CC61-4379-4688-8DEF-26FCA6943851}.Debug|Any CPU.ActiveCfg = Debug|Any CPU
		{F9E3CC61-4379-4688-8DEF-26FCA6943851}.Debug|Any CPU.Build.0 = Debug|Any CPU
		{F9E3CC61-4379-4688-8DEF-26FCA6943851}.Release|Any CPU.ActiveCfg = Debug|Any CPU
		{F9E3CC61-4379-4688-8DEF-26FCA6943851}.Release|Any CPU.Build.0 = Debug|Any CPU
		{B9EE9295-3E47-4353-91CB-F2736FB3517C}.Debug|Any CPU.ActiveCfg = Debug|Any CPU
		{B9EE9295-3E47-4353-91CB-F2736FB3517C}.Debug|Any CPU.Build.0 = Debug|Any CPU
		{B9EE9295-3E47-4353-91CB-F2736FB3517C}.Release|Any CPU.ActiveCfg = Debug|Any CPU
		{B9EE9295-3E47-4353-91CB-F2736FB3517C}.Release|Any CPU.Build.0 = Debug|Any CPU
		{C6584C9A-78AC-4A7D-A851-E59C34344732}.Debug|Any CPU.ActiveCfg = Debug|Any CPU
		{C6584C9A-78AC-4A7D-A851-E59C34344732}.Debug|Any CPU.Build.0 = Debug|Any CPU
		{C6584C9A-78AC-4A7D-A851-E59C34344732}.Release|Any CPU.ActiveCfg = Debug|Any CPU
		{C6584C9A-78AC-4A7D-A851-E59C34344732}.Release|Any CPU.Build.0 = Debug|Any CPU
		{74668464-3F5B-472B-AC9A-ED91AD8EFE31}.Debug|Any CPU.ActiveCfg = Debug|Any CPU
		{74668464-3F5B-472B-AC9A-ED91AD8EFE31}.Debug|Any CPU.Build.0 = Debug|Any CPU
		{74668464-3F5B-472B-AC9A-ED91AD8EFE31}.Release|Any CPU.ActiveCfg = Debug|Any CPU
		{74668464-3F5B-472B-AC9A-ED91AD8EFE31}.Release|Any CPU.Build.0 = Debug|Any CPU
	EndGlobalSection
	GlobalSection(SolutionProperties) = preSolution
		HideSolutionNode = FALSE
	EndGlobalSection
	GlobalSection(NestedProjects) = preSolution
		{AABFB02E-8335-4BC4-A49E-FA5CAF0D2940} = {20BD4C04-0B50-4494-8F17-DF3E01CC6717}
		{933AC0F8-3BEE-4DED-A94E-E91E60D8C842} = {125839E0-CAA9-4199-8BC1-EDA7F9D4CAAB}
		{8FDB4770-C344-419C-A9EC-46FBC66F0FE7} = {F3F37CA1-6DAB-4BE1-8B34-CFB4BE9B33FD}
		{8B3A8E3C-5C6D-4459-AE71-E12A3DEEA700} = {B203A879-DE81-46A5-A4AE-5EF4ACC9DB17}
		{C5FC7B35-E2B1-466E-A782-4699F4D7C5C2} = {E71ACD96-4F96-42EF-B827-14361AC3B868}
		{BD7C4794-124F-44BA-992D-F5F86FCDFC9C} = {A685898A-BB37-4E5A-8486-2D67A0441FCC}
		{4258726A-647E-4649-B4CF-DFAFC143F271} = {BD7C4794-124F-44BA-992D-F5F86FCDFC9C}
		{B48E04B1-AAD7-461F-B0B4-340BCFFD14F1} = {25F151FC-A8F2-4BFF-8FF9-C09ACB91ED32}
		{5E40F45E-4963-4F75-8DDC-6C9FE47AC668} = {A685898A-BB37-4E5A-8486-2D67A0441FCC}
		{3E288E50-08FF-4DA2-BF83-1AA0130ADFDC} = {A685898A-BB37-4E5A-8486-2D67A0441FCC}
		{1D113B1D-FAEA-467A-8FCC-9A87D445589F} = {E500CA26-F6E5-4B40-ACB7-00D0B6106A26}
		{A3120DC7-5584-4306-9328-08FB01A8BE96} = {A685898A-BB37-4E5A-8486-2D67A0441FCC}
		{862CBD32-3833-42B1-AD41-597EF4FAF1F2} = {BD7C4794-124F-44BA-992D-F5F86FCDFC9C}
		{A6665739-6D87-43FB-8786-7718866DCC4F} = {6C1A172B-EB21-464F-9D6E-E0D9C7DC4EDF}
		{CD0B50B3-DF02-49CD-B8B7-2EFAD6D087E6} = {62EE603C-0F0F-4B42-8B4D-59E57C5F18DE}
		{5BE955F7-FF32-41AA-86BC-6E0344ECCBC4} = {7E210A52-4C8F-440F-9175-D5BDC1B088CA}
		{4B168D9C-1949-491D-9ACC-85DD3B42E9DE} = {6C1A172B-EB21-464F-9D6E-E0D9C7DC4EDF}
		{F9E3CC61-4379-4688-8DEF-26FCA6943851} = {4E2AB14C-2C2C-40DB-A664-C947AE4ECC63}
		{B9EE9295-3E47-4353-91CB-F2736FB3517C} = {C660171D-B83C-425C-8A18-47902AA092B1}
		{C6584C9A-78AC-4A7D-A851-E59C34344732} = {618D15F4-0E51-4A29-932E-E73222581F56}
		{74668464-3F5B-472B-AC9A-ED91AD8EFE31} = {25F151FC-A8F2-4BFF-8FF9-C09ACB91ED32}
	EndGlobalSection
	GlobalSection(ExtensibilityGlobals) = postSolution
		SolutionGuid = {22F7B927-71C5-47DC-AC95-9D7B7AC43F1F}
	EndGlobalSection
EndGlobal
