
Microsoft Visual Studio Solution File, Format Version 12.00
# Visual Studio Version 17
VisualStudioVersion = 17.11.35312.102
MinimumVisualStudioVersion = 10.0.40219.1
Project("{E24C65DC-7377-472B-9ABA-BC803B73C61A}") = "LabelsAndInputs", "LabelsAndInputs\", "{AABFB02E-8335-4BC4-A49E-FA5CAF0D2940}"
	ProjectSection(WebsiteProperties) = preProject
		TargetFrameworkMoniker = ".NETFramework,Version%3Dv4.7.2"
		Debug.AspNetCompiler.VirtualPath = "/localhost_52703"
		Debug.AspNetCompiler.PhysicalPath = "LabelsAndInputs\"
		Debug.AspNetCompiler.TargetPath = "PrecompiledWeb\localhost_52703\"
		Debug.AspNetCompiler.Updateable = "true"
		Debug.AspNetCompiler.ForceOverwrite = "true"
		Debug.AspNetCompiler.FixedNames = "false"
		Debug.AspNetCompiler.Debug = "True"
		Release.AspNetCompiler.VirtualPath = "/localhost_52703"
		Release.AspNetCompiler.PhysicalPath = "LabelsAndInputs\"
		Release.AspNetCompiler.TargetPath = "PrecompiledWeb\localhost_52703\"
		Release.AspNetCompiler.Updateable = "true"
		Release.AspNetCompiler.ForceOverwrite = "true"
		Release.AspNetCompiler.FixedNames = "false"
		Release.AspNetCompiler.Debug = "False"
		VWDPort = "52703"
		SlnRelativePath = "LabelsAndInputs\"
		DefaultWebSiteLanguage = "Visual Basic"
	EndProjectSection
EndProject
Project("{2150E333-8FDC-42A3-9474-1A3956D46DE8}") = "Solution Items", "Solution Items", "{DD8C95AB-D50B-4192-89A1-B81AB6625347}"
	ProjectSection(SolutionItems) = preProject
		chromeOverrides.md = chromeOverrides.md
		manualTesting.md = manualTesting.md
		readme.md = readme.md
		screenReaders.md = screenReaders.md
		stash.md = stash.md
		wave.md = wave.md
	EndProjectSection
EndProject
Project("{2150E333-8FDC-42A3-9474-1A3956D46DE8}") = "Lesson 1 - labels inputs", "Lesson 1 - labels inputs", "{20BD4C04-0B50-4494-8F17-DF3E01CC6717}"
EndProject
Project("{2150E333-8FDC-42A3-9474-1A3956D46DE8}") = "Lesson 2 - images", "Lesson 2 - images", "{125839E0-CAA9-4199-8BC1-EDA7F9D4CAAB}"
EndProject
Project("{E24C65DC-7377-472B-9ABA-BC803B73C61A}") = "WorkingWithImages", "WorkingWithImages\", "{933AC0F8-3BEE-4DED-A94E-E91E60D8C842}"
	ProjectSection(WebsiteProperties) = preProject
		TargetFrameworkMoniker = ".NETFramework,Version%3Dv4.7.2"
		Debug.AspNetCompiler.VirtualPath = "/localhost_65275"
		Debug.AspNetCompiler.PhysicalPath = "WorkingWithImages\"
		Debug.AspNetCompiler.TargetPath = "PrecompiledWeb\localhost_65275\"
		Debug.AspNetCompiler.Updateable = "true"
		Debug.AspNetCompiler.ForceOverwrite = "true"
		Debug.AspNetCompiler.FixedNames = "false"
		Debug.AspNetCompiler.Debug = "True"
		Release.AspNetCompiler.VirtualPath = "/localhost_65275"
		Release.AspNetCompiler.PhysicalPath = "WorkingWithImages\"
		Release.AspNetCompiler.TargetPath = "PrecompiledWeb\localhost_65275\"
		Release.AspNetCompiler.Updateable = "true"
		Release.AspNetCompiler.ForceOverwrite = "true"
		Release.AspNetCompiler.FixedNames = "false"
		Release.AspNetCompiler.Debug = "False"
		VWDPort = "65275"
		SlnRelativePath = "WorkingWithImages\"
		DefaultWebSiteLanguage = "Visual Basic"
	EndProjectSection
EndProject
Project("{2150E333-8FDC-42A3-9474-1A3956D46DE8}") = "Lesson 3 -  color contrast", "Lesson 3 -  color contrast", "{F3F37CA1-6DAB-4BE1-8B34-CFB4BE9B33FD}"
EndProject
Project("{E24C65DC-7377-472B-9ABA-BC803B73C61A}") = "ColorContrast", "ColorContrast\", "{8FDB4770-C344-419C-A9EC-46FBC66F0FE7}"
	ProjectSection(WebsiteProperties) = preProject
		TargetFrameworkMoniker = ".NETFramework,Version%3Dv4.7.2"
		Debug.AspNetCompiler.VirtualPath = "/localhost_65261"
		Debug.AspNetCompiler.PhysicalPath = "ColorContrast\"
		Debug.AspNetCompiler.TargetPath = "PrecompiledWeb\localhost_65261\"
		Debug.AspNetCompiler.Updateable = "true"
		Debug.AspNetCompiler.ForceOverwrite = "true"
		Debug.AspNetCompiler.FixedNames = "false"
		Debug.AspNetCompiler.Debug = "True"
		Release.AspNetCompiler.VirtualPath = "/localhost_65261"
		Release.AspNetCompiler.PhysicalPath = "ColorContrast\"
		Release.AspNetCompiler.TargetPath = "PrecompiledWeb\localhost_65261\"
		Release.AspNetCompiler.Updateable = "true"
		Release.AspNetCompiler.ForceOverwrite = "true"
		Release.AspNetCompiler.FixedNames = "false"
		Release.AspNetCompiler.Debug = "False"
		VWDPort = "65261"
		SlnRelativePath = "ColorContrast\"
		DefaultWebSiteLanguage = "Visual Basic"
	EndProjectSection
EndProject
Project("{2150E333-8FDC-42A3-9474-1A3956D46DE8}") = "Lesson 4 - Skip links", "Lesson 4 - Skip links", "{B203A879-DE81-46A5-A4AE-5EF4ACC9DB17}"
EndProject
Project("{E24C65DC-7377-472B-9ABA-BC803B73C61A}") = "SkipLinksExample", "SkipLinksExample\", "{8B3A8E3C-5C6D-4459-AE71-E12A3DEEA700}"
	ProjectSection(WebsiteProperties) = preProject
		TargetFrameworkMoniker = ".NETFramework,Version%3Dv4.7.2"
		Debug.AspNetCompiler.VirtualPath = "/localhost_53834"
		Debug.AspNetCompiler.PhysicalPath = "SkipLinksExample\"
		Debug.AspNetCompiler.TargetPath = "PrecompiledWeb\localhost_53834\"
		Debug.AspNetCompiler.Updateable = "true"
		Debug.AspNetCompiler.ForceOverwrite = "true"
		Debug.AspNetCompiler.FixedNames = "false"
		Debug.AspNetCompiler.Debug = "True"
		Release.AspNetCompiler.VirtualPath = "/localhost_53834"
		Release.AspNetCompiler.PhysicalPath = "SkipLinksExample\"
		Release.AspNetCompiler.TargetPath = "PrecompiledWeb\localhost_53834\"
		Release.AspNetCompiler.Updateable = "true"
		Release.AspNetCompiler.ForceOverwrite = "true"
		Release.AspNetCompiler.FixedNames = "false"
		Release.AspNetCompiler.Debug = "False"
		VWDPort = "53834"
		SlnRelativePath = "SkipLinksExample\"
		DefaultWebSiteLanguage = "Visual Basic"
	EndProjectSection
EndProject
Project("{2150E333-8FDC-42A3-9474-1A3956D46DE8}") = "Lesson 5 - tables", "Lesson 5 - tables", "{E71ACD96-4F96-42EF-B827-14361AC3B868}"
EndProject
Project("{E24C65DC-7377-472B-9ABA-BC803B73C61A}") = "UsingTables", "UsingTables\", "{C5FC7B35-E2B1-466E-A782-4699F4D7C5C2}"
	ProjectSection(WebsiteProperties) = preProject
		TargetFrameworkMoniker = ".NETFramework,Version%3Dv4.7.2"
		Debug.AspNetCompiler.VirtualPath = "/localhost_57621"
		Debug.AspNetCompiler.PhysicalPath = "UsingTables\"
		Debug.AspNetCompiler.TargetPath = "PrecompiledWeb\localhost_57621\"
		Debug.AspNetCompiler.Updateable = "true"
		Debug.AspNetCompiler.ForceOverwrite = "true"
		Debug.AspNetCompiler.FixedNames = "false"
		Debug.AspNetCompiler.Debug = "True"
		Release.AspNetCompiler.VirtualPath = "/localhost_57621"
		Release.AspNetCompiler.PhysicalPath = "UsingTables\"
		Release.AspNetCompiler.TargetPath = "PrecompiledWeb\localhost_57621\"
		Release.AspNetCompiler.Updateable = "true"
		Release.AspNetCompiler.ForceOverwrite = "true"
		Release.AspNetCompiler.FixedNames = "false"
		Release.AspNetCompiler.Debug = "False"
		VWDPort = "57621"
		SlnRelativePath = "UsingTables\"
		DefaultWebSiteLanguage = "Visual Basic"
	EndProjectSection
EndProject
Project("{2150E333-8FDC-42A3-9474-1A3956D46DE8}") = "csharp", "csharp", "{BD7C4794-124F-44BA-992D-F5F86FCDFC9C}"
EndProject
Project("{FAE04EC0-301F-11D3-BF4B-00C04F79EFBC}") = "Tinkering", "Tinkering\Tinkering.csproj", "{4258726A-647E-4649-B4CF-DFAFC143F271}"
EndProject
Project("{E24C65DC-7377-472B-9ABA-BC803B73C61A}") = "UsingJavaScriptDebugger", "UsingJavaScriptDebugger\", "{B48E04B1-AAD7-461F-B0B4-340BCFFD14F1}"
	ProjectSection(WebsiteProperties) = preProject
		TargetFrameworkMoniker = ".NETFramework,Version%3Dv4.0"
		Debug.AspNetCompiler.VirtualPath = "/localhost_60288"
		Debug.AspNetCompiler.PhysicalPath = "UsingJavaScriptDebugger\"
		Debug.AspNetCompiler.TargetPath = "PrecompiledWeb\localhost_60288\"
		Debug.AspNetCompiler.Updateable = "true"
		Debug.AspNetCompiler.ForceOverwrite = "true"
		Debug.AspNetCompiler.FixedNames = "false"
		Debug.AspNetCompiler.Debug = "True"
		Release.AspNetCompiler.VirtualPath = "/localhost_60288"
		Release.AspNetCompiler.PhysicalPath = "UsingJavaScriptDebugger\"
		Release.AspNetCompiler.TargetPath = "PrecompiledWeb\localhost_60288\"
		Release.AspNetCompiler.Updateable = "true"
		Release.AspNetCompiler.ForceOverwrite = "true"
		Release.AspNetCompiler.FixedNames = "false"
		Release.AspNetCompiler.Debug = "False"
		VWDPort = "60288"
		SlnRelativePath = "UsingJavaScriptDebugger\"
	EndProjectSection
EndProject
Project("{2150E333-8FDC-42A3-9474-1A3956D46DE8}") = "Prototypes", "Prototypes", "{25F151FC-A8F2-4BFF-8FF9-C09ACB91ED32}"
EndProject
Global
	GlobalSection(SolutionConfigurationPlatforms) = preSolution
		Debug|Any CPU = Debug|Any CPU
		Release|Any CPU = Release|Any CPU
	EndGlobalSection
	GlobalSection(ProjectConfigurationPlatforms) = postSolution
		{AABFB02E-8335-4BC4-A49E-FA5CAF0D2940}.Debug|Any CPU.ActiveCfg = Debug|Any CPU
		{AABFB02E-8335-4BC4-A49E-FA5CAF0D2940}.Debug|Any CPU.Build.0 = Debug|Any CPU
		{AABFB02E-8335-4BC4-A49E-FA5CAF0D2940}.Release|Any CPU.ActiveCfg = Debug|Any CPU
		{AABFB02E-8335-4BC4-A49E-FA5CAF0D2940}.Release|Any CPU.Build.0 = Debug|Any CPU
		{933AC0F8-3BEE-4DED-A94E-E91E60D8C842}.Debug|Any CPU.ActiveCfg = Debug|Any CPU
		{933AC0F8-3BEE-4DED-A94E-E91E60D8C842}.Debug|Any CPU.Build.0 = Debug|Any CPU
		{933AC0F8-3BEE-4DED-A94E-E91E60D8C842}.Release|Any CPU.ActiveCfg = Debug|Any CPU
		{933AC0F8-3BEE-4DED-A94E-E91E60D8C842}.Release|Any CPU.Build.0 = Debug|Any CPU
		{8FDB4770-C344-419C-A9EC-46FBC66F0FE7}.Debug|Any CPU.ActiveCfg = Debug|Any CPU
		{8FDB4770-C344-419C-A9EC-46FBC66F0FE7}.Debug|Any CPU.Build.0 = Debug|Any CPU
		{8FDB4770-C344-419C-A9EC-46FBC66F0FE7}.Release|Any CPU.ActiveCfg = Debug|Any CPU
		{8FDB4770-C344-419C-A9EC-46FBC66F0FE7}.Release|Any CPU.Build.0 = Debug|Any CPU
		{8B3A8E3C-5C6D-4459-AE71-E12A3DEEA700}.Debug|Any CPU.ActiveCfg = Debug|Any CPU
		{8B3A8E3C-5C6D-4459-AE71-E12A3DEEA700}.Debug|Any CPU.Build.0 = Debug|Any CPU
		{8B3A8E3C-5C6D-4459-AE71-E12A3DEEA700}.Release|Any CPU.ActiveCfg = Debug|Any CPU
		{8B3A8E3C-5C6D-4459-AE71-E12A3DEEA700}.Release|Any CPU.Build.0 = Debug|Any CPU
		{C5FC7B35-E2B1-466E-A782-4699F4D7C5C2}.Debug|Any CPU.ActiveCfg = Debug|Any CPU
		{C5FC7B35-E2B1-466E-A782-4699F4D7C5C2}.Debug|Any CPU.Build.0 = Debug|Any CPU
		{C5FC7B35-E2B1-466E-A782-4699F4D7C5C2}.Release|Any CPU.ActiveCfg = Debug|Any CPU
		{C5FC7B35-E2B1-466E-A782-4699F4D7C5C2}.Release|Any CPU.Build.0 = Debug|Any CPU
		{4258726A-647E-4649-B4CF-DFAFC143F271}.Debug|Any CPU.ActiveCfg = Debug|Any CPU
		{4258726A-647E-4649-B4CF-DFAFC143F271}.Debug|Any CPU.Build.0 = Debug|Any CPU
		{4258726A-647E-4649-B4CF-DFAFC143F271}.Release|Any CPU.ActiveCfg = Release|Any CPU
		{4258726A-647E-4649-B4CF-DFAFC143F271}.Release|Any CPU.Build.0 = Release|Any CPU
		{B48E04B1-AAD7-461F-B0B4-340BCFFD14F1}.Debug|Any CPU.ActiveCfg = Debug|Any CPU
		{B48E04B1-AAD7-461F-B0B4-340BCFFD14F1}.Debug|Any CPU.Build.0 = Debug|Any CPU
		{B48E04B1-AAD7-461F-B0B4-340BCFFD14F1}.Release|Any CPU.ActiveCfg = Debug|Any CPU
		{B48E04B1-AAD7-461F-B0B4-340BCFFD14F1}.Release|Any CPU.Build.0 = Debug|Any CPU
	EndGlobalSection
	GlobalSection(SolutionProperties) = preSolution
		HideSolutionNode = FALSE
	EndGlobalSection
	GlobalSection(NestedProjects) = preSolution
		{AABFB02E-8335-4BC4-A49E-FA5CAF0D2940} = {20BD4C04-0B50-4494-8F17-DF3E01CC6717}
		{933AC0F8-3BEE-4DED-A94E-E91E60D8C842} = {125839E0-CAA9-4199-8BC1-EDA7F9D4CAAB}
		{8FDB4770-C344-419C-A9EC-46FBC66F0FE7} = {F3F37CA1-6DAB-4BE1-8B34-CFB4BE9B33FD}
		{8B3A8E3C-5C6D-4459-AE71-E12A3DEEA700} = {B203A879-DE81-46A5-A4AE-5EF4ACC9DB17}
		{C5FC7B35-E2B1-466E-A782-4699F4D7C5C2} = {E71ACD96-4F96-42EF-B827-14361AC3B868}
		{4258726A-647E-4649-B4CF-DFAFC143F271} = {BD7C4794-124F-44BA-992D-F5F86FCDFC9C}
		{B48E04B1-AAD7-461F-B0B4-340BCFFD14F1} = {25F151FC-A8F2-4BFF-8FF9-C09ACB91ED32}
	EndGlobalSection
	GlobalSection(ExtensibilityGlobals) = postSolution
		SolutionGuid = {22F7B927-71C5-47DC-AC95-9D7B7AC43F1F}
	EndGlobalSection
EndGlobal
